
Microsoft Visual Studio Solution File, Format Version 12.00
# Visual Studio Version 17
VisualStudioVersion = 17.9.34622.214
MinimumVisualStudioVersion = 10.0.40219.1
Project("{FAE04EC0-301F-11D3-BF4B-00C04F79EFBC}") = "AplicacaoClientes", "AplicacaoClientes\AplicacaoClientes.csproj", "{CC881923-D21D-4852-8C97-F0D4A3088554}"
EndProject
Project("{FAE04EC0-301F-11D3-BF4B-00C04F79EFBC}") = "AplicacaoClientes.Domain", "AplicacaoClientes.Domain\AplicacaoClientes.Domain.csproj", "{9F61D405-E7E3-481F-B97E-00D087EE251F}"
EndProject
Project("{FAE04EC0-301F-11D3-BF4B-00C04F79EFBC}") = "AplicacaoClientes.Repository", "AplicacaoClientes.Repository\AplicacaoClientes.Repository.csproj", "{F637B223-5111-47EC-AFA8-5791364C11A8}"
EndProject
Project("{FAE04EC0-301F-11D3-BF4B-00C04F79EFBC}") = "AplicacaoClientes.Service", "AplicacaoClientes.Services\AplicacaoClientes.Service.csproj", "{3CADB418-56D8-41AD-BC10-B13FE6A203DF}"
EndProject
Global
	GlobalSection(SolutionConfigurationPlatforms) = preSolution
		Debug|Any CPU = Debug|Any CPU
		Release|Any CPU = Release|Any CPU
	EndGlobalSection
	GlobalSection(ProjectConfigurationPlatforms) = postSolution
		{CC881923-D21D-4852-8C97-F0D4A3088554}.Debug|Any CPU.ActiveCfg = Debug|Any CPU
		{CC881923-D21D-4852-8C97-F0D4A3088554}.Debug|Any CPU.Build.0 = Debug|Any CPU
		{CC881923-D21D-4852-8C97-F0D4A3088554}.Release|Any CPU.ActiveCfg = Release|Any CPU
		{CC881923-D21D-4852-8C97-F0D4A3088554}.Release|Any CPU.Build.0 = Release|Any CPU
		{9F61D405-E7E3-481F-B97E-00D087EE251F}.Debug|Any CPU.ActiveCfg = Debug|Any CPU
		{9F61D405-E7E3-481F-B97E-00D087EE251F}.Debug|Any CPU.Build.0 = Debug|Any CPU
		{9F61D405-E7E3-481F-B97E-00D087EE251F}.Release|Any CPU.ActiveCfg = Release|Any CPU
		{9F61D405-E7E3-481F-B97E-00D087EE251F}.Release|Any CPU.Build.0 = Release|Any CPU
		{F637B223-5111-47EC-AFA8-5791364C11A8}.Debug|Any CPU.ActiveCfg = Debug|Any CPU
		{F637B223-5111-47EC-AFA8-5791364C11A8}.Debug|Any CPU.Build.0 = Debug|Any CPU
		{F637B223-5111-47EC-AFA8-5791364C11A8}.Release|Any CPU.ActiveCfg = Release|Any CPU
		{F637B223-5111-47EC-AFA8-5791364C11A8}.Release|Any CPU.Build.0 = Release|Any CPU
		{3CADB418-56D8-41AD-BC10-B13FE6A203DF}.Debug|Any CPU.ActiveCfg = Debug|Any CPU
		{3CADB418-56D8-41AD-BC10-B13FE6A203DF}.Debug|Any CPU.Build.0 = Debug|Any CPU
		{3CADB418-56D8-41AD-BC10-B13FE6A203DF}.Release|Any CPU.ActiveCfg = Release|Any CPU
		{3CADB418-56D8-41AD-BC10-B13FE6A203DF}.Release|Any CPU.Build.0 = Release|Any CPU
	EndGlobalSection
	GlobalSection(SolutionProperties) = preSolution
		HideSolutionNode = FALSE
	EndGlobalSection
	GlobalSection(ExtensibilityGlobals) = postSolution
		SolutionGuid = {7A6DCDC7-75ED-474C-84ED-35167F4C8381}
	EndGlobalSection
EndGlobal
